
Microsoft Visual Studio Solution File, Format Version 12.00
# Visual Studio Version 16
VisualStudioVersion = 16.0.30406.217
MinimumVisualStudioVersion = 10.0.40219.1
Project("{FAE04EC0-301F-11D3-BF4B-00C04F79EFBC}") = "Tranquilizer", "Tranquilizer\Tranquilizer.csproj", "{D6121661-2EEB-48E3-B845-A2955DA09EB2}"
EndProject
Global
	GlobalSection(SolutionConfigurationPlatforms) = preSolution
		Debug|Any CPU = Debug|Any CPU
		Release|Any CPU = Release|Any CPU
	EndGlobalSection
	GlobalSection(ProjectConfigurationPlatforms) = postSolution
		{D6121661-2EEB-48E3-B845-A2955DA09EB2}.Debug|Any CPU.ActiveCfg = Debug|Any CPU
		{D6121661-2EEB-48E3-B845-A2955DA09EB2}.Debug|Any CPU.Build.0 = Debug|Any CPU
		{D6121661-2EEB-48E3-B845-A2955DA09EB2}.Release|Any CPU.ActiveCfg = Release|Any CPU
		{D6121661-2EEB-48E3-B845-A2955DA09EB2}.Release|Any CPU.Build.0 = Release|Any CPU
	EndGlobalSection
	GlobalSection(SolutionProperties) = preSolution
		HideSolutionNode = FALSE
	EndGlobalSection
	GlobalSection(ExtensibilityGlobals) = postSolution
		SolutionGuid = {E8123BA4-FE9F-4E56-920D-9D47A0D99F37}
	EndGlobalSection
EndGlobal
